
Microsoft Visual Studio Solution File, Format Version 12.00
# Visual Studio 15
VisualStudioVersion = 15.0.27004.2005
MinimumVisualStudioVersion = 10.0.40219.1
Project("{FAE04EC0-301F-11D3-BF4B-00C04F79EFBC}") = "Exam 25Jun17", "Exam 25Jun17\Exam 25Jun17.csproj", "{E8127A02-DA48-4196-9C6A-0A0EC76DC535}"
EndProject
Project("{FAE04EC0-301F-11D3-BF4B-00C04F79EFBC}") = "Swimming Record", "Swimming Record\Swimming Record.csproj", "{10358AB6-826F-44DD-994F-84AADD1AF92D}"
EndProject
Project("{FAE04EC0-301F-11D3-BF4B-00C04F79EFBC}") = "Fruit Cocktails", "Fruit Cocktails\Fruit Cocktails.csproj", "{F07EEF91-622B-4811-9DE0-CC291BEC3EA5}"
EndProject
Project("{FAE04EC0-301F-11D3-BF4B-00C04F79EFBC}") = "Money Award", "Money Award\Money Award.csproj", "{5E28DFB3-D035-49FC-9493-E28A79A68391}"
EndProject
Project("{FAE04EC0-301F-11D3-BF4B-00C04F79EFBC}") = "06", "06\06.csproj", "{56F571C7-9775-4AEB-B858-BA3B33DAA052}"
EndProject
Global
	GlobalSection(SolutionConfigurationPlatforms) = preSolution
		Debug|Any CPU = Debug|Any CPU
		Release|Any CPU = Release|Any CPU
	EndGlobalSection
	GlobalSection(ProjectConfigurationPlatforms) = postSolution
		{E8127A02-DA48-4196-9C6A-0A0EC76DC535}.Debug|Any CPU.ActiveCfg = Debug|Any CPU
		{E8127A02-DA48-4196-9C6A-0A0EC76DC535}.Debug|Any CPU.Build.0 = Debug|Any CPU
		{E8127A02-DA48-4196-9C6A-0A0EC76DC535}.Release|Any CPU.ActiveCfg = Release|Any CPU
		{E8127A02-DA48-4196-9C6A-0A0EC76DC535}.Release|Any CPU.Build.0 = Release|Any CPU
		{10358AB6-826F-44DD-994F-84AADD1AF92D}.Debug|Any CPU.ActiveCfg = Debug|Any CPU
		{10358AB6-826F-44DD-994F-84AADD1AF92D}.Debug|Any CPU.Build.0 = Debug|Any CPU
		{10358AB6-826F-44DD-994F-84AADD1AF92D}.Release|Any CPU.ActiveCfg = Release|Any CPU
		{10358AB6-826F-44DD-994F-84AADD1AF92D}.Release|Any CPU.Build.0 = Release|Any CPU
		{F07EEF91-622B-4811-9DE0-CC291BEC3EA5}.Debug|Any CPU.ActiveCfg = Debug|Any CPU
		{F07EEF91-622B-4811-9DE0-CC291BEC3EA5}.Debug|Any CPU.Build.0 = Debug|Any CPU
		{F07EEF91-622B-4811-9DE0-CC291BEC3EA5}.Release|Any CPU.ActiveCfg = Release|Any CPU
		{F07EEF91-622B-4811-9DE0-CC291BEC3EA5}.Release|Any CPU.Build.0 = Release|Any CPU
		{5E28DFB3-D035-49FC-9493-E28A79A68391}.Debug|Any CPU.ActiveCfg = Debug|Any CPU
		{5E28DFB3-D035-49FC-9493-E28A79A68391}.Debug|Any CPU.Build.0 = Debug|Any CPU
		{5E28DFB3-D035-49FC-9493-E28A79A68391}.Release|Any CPU.ActiveCfg = Release|Any CPU
		{5E28DFB3-D035-49FC-9493-E28A79A68391}.Release|Any CPU.Build.0 = Release|Any CPU
		{56F571C7-9775-4AEB-B858-BA3B33DAA052}.Debug|Any CPU.ActiveCfg = Debug|Any CPU
		{56F571C7-9775-4AEB-B858-BA3B33DAA052}.Debug|Any CPU.Build.0 = Debug|Any CPU
		{56F571C7-9775-4AEB-B858-BA3B33DAA052}.Release|Any CPU.ActiveCfg = Release|Any CPU
		{56F571C7-9775-4AEB-B858-BA3B33DAA052}.Release|Any CPU.Build.0 = Release|Any CPU
	EndGlobalSection
	GlobalSection(SolutionProperties) = preSolution
		HideSolutionNode = FALSE
	EndGlobalSection
	GlobalSection(ExtensibilityGlobals) = postSolution
		SolutionGuid = {04886120-2219-4C44-A0C8-BB379C2DF51D}
	EndGlobalSection
EndGlobal
