
Microsoft Visual Studio Solution File, Format Version 12.00
# Visual Studio 15
VisualStudioVersion = 15.0.27004.2005
MinimumVisualStudioVersion = 10.0.40219.1
Project("{FAE04EC0-301F-11D3-BF4B-00C04F79EFBC}") = "PB Exam 20Nov16 Evening", "PB Exam 20Nov16 Evening\PB Exam 20Nov16 Evening.csproj", "{D6AD6BC1-E734-4053-BAD6-FCB04F4741B3}"
EndProject
Project("{FAE04EC0-301F-11D3-BF4B-00C04F79EFBC}") = "Flower Shop", "Flower Shop\Flower Shop.csproj", "{DA1A7904-1138-4DD4-9BE9-E646B3A78E14}"
EndProject
Project("{FAE04EC0-301F-11D3-BF4B-00C04F79EFBC}") = "Cyclists", "Cyclists\Cyclists.csproj", "{36E101F0-FDEC-4DC9-A12D-9A94E30D0D31}"
EndProject
Project("{FAE04EC0-301F-11D3-BF4B-00C04F79EFBC}") = "Logistik", "Logistik\Logistik.csproj", "{441CDB6B-918B-4496-99A0-E97BA4F61C59}"
EndProject
Project("{FAE04EC0-301F-11D3-BF4B-00C04F79EFBC}") = "Max combination", "Max combination\Max combination.csproj", "{19B649E8-D26F-4D10-80EF-6EFEC7B13040}"
EndProject
Global
	GlobalSection(SolutionConfigurationPlatforms) = preSolution
		Debug|Any CPU = Debug|Any CPU
		Release|Any CPU = Release|Any CPU
	EndGlobalSection
	GlobalSection(ProjectConfigurationPlatforms) = postSolution
		{D6AD6BC1-E734-4053-BAD6-FCB04F4741B3}.Debug|Any CPU.ActiveCfg = Debug|Any CPU
		{D6AD6BC1-E734-4053-BAD6-FCB04F4741B3}.Debug|Any CPU.Build.0 = Debug|Any CPU
		{D6AD6BC1-E734-4053-BAD6-FCB04F4741B3}.Release|Any CPU.ActiveCfg = Release|Any CPU
		{D6AD6BC1-E734-4053-BAD6-FCB04F4741B3}.Release|Any CPU.Build.0 = Release|Any CPU
		{DA1A7904-1138-4DD4-9BE9-E646B3A78E14}.Debug|Any CPU.ActiveCfg = Debug|Any CPU
		{DA1A7904-1138-4DD4-9BE9-E646B3A78E14}.Debug|Any CPU.Build.0 = Debug|Any CPU
		{DA1A7904-1138-4DD4-9BE9-E646B3A78E14}.Release|Any CPU.ActiveCfg = Release|Any CPU
		{DA1A7904-1138-4DD4-9BE9-E646B3A78E14}.Release|Any CPU.Build.0 = Release|Any CPU
		{36E101F0-FDEC-4DC9-A12D-9A94E30D0D31}.Debug|Any CPU.ActiveCfg = Debug|Any CPU
		{36E101F0-FDEC-4DC9-A12D-9A94E30D0D31}.Debug|Any CPU.Build.0 = Debug|Any CPU
		{36E101F0-FDEC-4DC9-A12D-9A94E30D0D31}.Release|Any CPU.ActiveCfg = Release|Any CPU
		{36E101F0-FDEC-4DC9-A12D-9A94E30D0D31}.Release|Any CPU.Build.0 = Release|Any CPU
		{441CDB6B-918B-4496-99A0-E97BA4F61C59}.Debug|Any CPU.ActiveCfg = Debug|Any CPU
		{441CDB6B-918B-4496-99A0-E97BA4F61C59}.Debug|Any CPU.Build.0 = Debug|Any CPU
		{441CDB6B-918B-4496-99A0-E97BA4F61C59}.Release|Any CPU.ActiveCfg = Release|Any CPU
		{441CDB6B-918B-4496-99A0-E97BA4F61C59}.Release|Any CPU.Build.0 = Release|Any CPU
		{19B649E8-D26F-4D10-80EF-6EFEC7B13040}.Debug|Any CPU.ActiveCfg = Debug|Any CPU
		{19B649E8-D26F-4D10-80EF-6EFEC7B13040}.Debug|Any CPU.Build.0 = Debug|Any CPU
		{19B649E8-D26F-4D10-80EF-6EFEC7B13040}.Release|Any CPU.ActiveCfg = Release|Any CPU
		{19B649E8-D26F-4D10-80EF-6EFEC7B13040}.Release|Any CPU.Build.0 = Release|Any CPU
	EndGlobalSection
	GlobalSection(SolutionProperties) = preSolution
		HideSolutionNode = FALSE
	EndGlobalSection
	GlobalSection(ExtensibilityGlobals) = postSolution
		SolutionGuid = {EE6F87CE-2ADE-442E-8005-86C768E1037C}
	EndGlobalSection
EndGlobal
