
Microsoft Visual Studio Solution File, Format Version 12.00
# Visual Studio 15
VisualStudioVersion = 15.0.27004.2005
MinimumVisualStudioVersion = 10.0.40219.1
Project("{FAE04EC0-301F-11D3-BF4B-00C04F79EFBC}") = "Exam 05Nov17", "Exam 05Nov17\Exam 05Nov17.csproj", "{C0AE92B8-ABA2-43F6-90DA-F724753266BC}"
EndProject
Project("{FAE04EC0-301F-11D3-BF4B-00C04F79EFBC}") = "02. Lyutenitsa", "02. Lyutenitsa\02. Lyutenitsa.csproj", "{15107EB0-96A6-4A31-B7BD-058E47819F02}"
EndProject
Project("{FAE04EC0-301F-11D3-BF4B-00C04F79EFBC}") = "Courier Express", "Courier Express\Courier Express.csproj", "{3EAC57E0-611A-4658-B81D-BF3FBAF65010}"
EndProject
Project("{FAE04EC0-301F-11D3-BF4B-00C04F79EFBC}") = "06. Lucky numbers", "06. Lucky numbers\06. Lucky numbers.csproj", "{677AFA8C-CF45-46BC-B20E-98D1FB052B89}"
EndProject
Project("{FAE04EC0-301F-11D3-BF4B-00C04F79EFBC}") = "04.External Evaluation", "04.External Evaluation\04.External Evaluation.csproj", "{E6D33460-BADB-4DEF-AF7B-12CCFDB8AB73}"
EndProject
Project("{FAE04EC0-301F-11D3-BF4B-00C04F79EFBC}") = "Courier Express 2nd Try", "Courier Express 2nd Try\Courier Express 2nd Try.csproj", "{F54BA74E-35F7-4ED9-B87A-9C478E51C12A}"
EndProject
Project("{FAE04EC0-301F-11D3-BF4B-00C04F79EFBC}") = "Java", "Java\Java.csproj", "{A152632B-F99F-4DDA-9FAF-E11213AB5339}"
EndProject
Global
	GlobalSection(SolutionConfigurationPlatforms) = preSolution
		Debug|Any CPU = Debug|Any CPU
		Release|Any CPU = Release|Any CPU
	EndGlobalSection
	GlobalSection(ProjectConfigurationPlatforms) = postSolution
		{C0AE92B8-ABA2-43F6-90DA-F724753266BC}.Debug|Any CPU.ActiveCfg = Debug|Any CPU
		{C0AE92B8-ABA2-43F6-90DA-F724753266BC}.Debug|Any CPU.Build.0 = Debug|Any CPU
		{C0AE92B8-ABA2-43F6-90DA-F724753266BC}.Release|Any CPU.ActiveCfg = Release|Any CPU
		{C0AE92B8-ABA2-43F6-90DA-F724753266BC}.Release|Any CPU.Build.0 = Release|Any CPU
		{15107EB0-96A6-4A31-B7BD-058E47819F02}.Debug|Any CPU.ActiveCfg = Debug|Any CPU
		{15107EB0-96A6-4A31-B7BD-058E47819F02}.Debug|Any CPU.Build.0 = Debug|Any CPU
		{15107EB0-96A6-4A31-B7BD-058E47819F02}.Release|Any CPU.ActiveCfg = Release|Any CPU
		{15107EB0-96A6-4A31-B7BD-058E47819F02}.Release|Any CPU.Build.0 = Release|Any CPU
		{3EAC57E0-611A-4658-B81D-BF3FBAF65010}.Debug|Any CPU.ActiveCfg = Debug|Any CPU
		{3EAC57E0-611A-4658-B81D-BF3FBAF65010}.Debug|Any CPU.Build.0 = Debug|Any CPU
		{3EAC57E0-611A-4658-B81D-BF3FBAF65010}.Release|Any CPU.ActiveCfg = Release|Any CPU
		{3EAC57E0-611A-4658-B81D-BF3FBAF65010}.Release|Any CPU.Build.0 = Release|Any CPU
		{677AFA8C-CF45-46BC-B20E-98D1FB052B89}.Debug|Any CPU.ActiveCfg = Debug|Any CPU
		{677AFA8C-CF45-46BC-B20E-98D1FB052B89}.Debug|Any CPU.Build.0 = Debug|Any CPU
		{677AFA8C-CF45-46BC-B20E-98D1FB052B89}.Release|Any CPU.ActiveCfg = Release|Any CPU
		{677AFA8C-CF45-46BC-B20E-98D1FB052B89}.Release|Any CPU.Build.0 = Release|Any CPU
		{E6D33460-BADB-4DEF-AF7B-12CCFDB8AB73}.Debug|Any CPU.ActiveCfg = Debug|Any CPU
		{E6D33460-BADB-4DEF-AF7B-12CCFDB8AB73}.Debug|Any CPU.Build.0 = Debug|Any CPU
		{E6D33460-BADB-4DEF-AF7B-12CCFDB8AB73}.Release|Any CPU.ActiveCfg = Release|Any CPU
		{E6D33460-BADB-4DEF-AF7B-12CCFDB8AB73}.Release|Any CPU.Build.0 = Release|Any CPU
		{F54BA74E-35F7-4ED9-B87A-9C478E51C12A}.Debug|Any CPU.ActiveCfg = Debug|Any CPU
		{F54BA74E-35F7-4ED9-B87A-9C478E51C12A}.Debug|Any CPU.Build.0 = Debug|Any CPU
		{F54BA74E-35F7-4ED9-B87A-9C478E51C12A}.Release|Any CPU.ActiveCfg = Release|Any CPU
		{F54BA74E-35F7-4ED9-B87A-9C478E51C12A}.Release|Any CPU.Build.0 = Release|Any CPU
		{A152632B-F99F-4DDA-9FAF-E11213AB5339}.Debug|Any CPU.ActiveCfg = Debug|Any CPU
		{A152632B-F99F-4DDA-9FAF-E11213AB5339}.Debug|Any CPU.Build.0 = Debug|Any CPU
		{A152632B-F99F-4DDA-9FAF-E11213AB5339}.Release|Any CPU.ActiveCfg = Release|Any CPU
		{A152632B-F99F-4DDA-9FAF-E11213AB5339}.Release|Any CPU.Build.0 = Release|Any CPU
	EndGlobalSection
	GlobalSection(SolutionProperties) = preSolution
		HideSolutionNode = FALSE
	EndGlobalSection
	GlobalSection(ExtensibilityGlobals) = postSolution
		SolutionGuid = {5EFFD67C-349F-4C3D-A9BE-B5C957D82A17}
	EndGlobalSection
EndGlobal
