
Microsoft Visual Studio Solution File, Format Version 12.00
# Visual Studio 15
VisualStudioVersion = 15.0.27004.2005
MinimumVisualStudioVersion = 10.0.40219.1
Project("{FAE04EC0-301F-11D3-BF4B-00C04F79EFBC}") = "Exam 17Sep17", "Exam 17Sep17\Exam 17Sep17.csproj", "{C36E6AE8-E7CB-409D-8E5D-73006730A3F5}"
EndProject
Project("{FAE04EC0-301F-11D3-BF4B-00C04F79EFBC}") = "Three Brothers", "Three Brothers\Three Brothers.csproj", "{CF5B391B-F8A3-4F68-8E62-AB002FDBAA3E}"
EndProject
Project("{FAE04EC0-301F-11D3-BF4B-00C04F79EFBC}") = "Mobile Operator", "Mobile Operator\Mobile Operator.csproj", "{09D54A31-1386-4AD3-BED0-746C6C513021}"
EndProject
Project("{FAE04EC0-301F-11D3-BF4B-00C04F79EFBC}") = "Grandpa Stavri", "Grandpa Stavri\Grandpa Stavri.csproj", "{9DDE9FD8-C083-43E2-BE1D-56545670B15C}"
EndProject
Project("{FAE04EC0-301F-11D3-BF4B-00C04F79EFBC}") = "Song of Wheels", "Song of Wheels\Song of Wheels.csproj", "{8F8A6CB2-9238-4FCD-A40D-8E9154CAD84E}"
EndProject
Project("{FAE04EC0-301F-11D3-BF4B-00C04F79EFBC}") = "Sheriff", "Sheriff\Sheriff.csproj", "{65E7F9B7-97EE-43AE-86B2-B73C4BE0B645}"
EndProject
Project("{FAE04EC0-301F-11D3-BF4B-00C04F79EFBC}") = "The Song of The Wheels online solution", "The Song of The Wheels online solution\The Song of The Wheels online solution.csproj", "{C99925E3-A0C9-4E41-9AAE-9434652D3AE7}"
EndProject
Global
	GlobalSection(SolutionConfigurationPlatforms) = preSolution
		Debug|Any CPU = Debug|Any CPU
		Release|Any CPU = Release|Any CPU
	EndGlobalSection
	GlobalSection(ProjectConfigurationPlatforms) = postSolution
		{C36E6AE8-E7CB-409D-8E5D-73006730A3F5}.Debug|Any CPU.ActiveCfg = Debug|Any CPU
		{C36E6AE8-E7CB-409D-8E5D-73006730A3F5}.Debug|Any CPU.Build.0 = Debug|Any CPU
		{C36E6AE8-E7CB-409D-8E5D-73006730A3F5}.Release|Any CPU.ActiveCfg = Release|Any CPU
		{C36E6AE8-E7CB-409D-8E5D-73006730A3F5}.Release|Any CPU.Build.0 = Release|Any CPU
		{CF5B391B-F8A3-4F68-8E62-AB002FDBAA3E}.Debug|Any CPU.ActiveCfg = Debug|Any CPU
		{CF5B391B-F8A3-4F68-8E62-AB002FDBAA3E}.Debug|Any CPU.Build.0 = Debug|Any CPU
		{CF5B391B-F8A3-4F68-8E62-AB002FDBAA3E}.Release|Any CPU.ActiveCfg = Release|Any CPU
		{CF5B391B-F8A3-4F68-8E62-AB002FDBAA3E}.Release|Any CPU.Build.0 = Release|Any CPU
		{09D54A31-1386-4AD3-BED0-746C6C513021}.Debug|Any CPU.ActiveCfg = Debug|Any CPU
		{09D54A31-1386-4AD3-BED0-746C6C513021}.Debug|Any CPU.Build.0 = Debug|Any CPU
		{09D54A31-1386-4AD3-BED0-746C6C513021}.Release|Any CPU.ActiveCfg = Release|Any CPU
		{09D54A31-1386-4AD3-BED0-746C6C513021}.Release|Any CPU.Build.0 = Release|Any CPU
		{9DDE9FD8-C083-43E2-BE1D-56545670B15C}.Debug|Any CPU.ActiveCfg = Debug|Any CPU
		{9DDE9FD8-C083-43E2-BE1D-56545670B15C}.Debug|Any CPU.Build.0 = Debug|Any CPU
		{9DDE9FD8-C083-43E2-BE1D-56545670B15C}.Release|Any CPU.ActiveCfg = Release|Any CPU
		{9DDE9FD8-C083-43E2-BE1D-56545670B15C}.Release|Any CPU.Build.0 = Release|Any CPU
		{8F8A6CB2-9238-4FCD-A40D-8E9154CAD84E}.Debug|Any CPU.ActiveCfg = Debug|Any CPU
		{8F8A6CB2-9238-4FCD-A40D-8E9154CAD84E}.Debug|Any CPU.Build.0 = Debug|Any CPU
		{8F8A6CB2-9238-4FCD-A40D-8E9154CAD84E}.Release|Any CPU.ActiveCfg = Release|Any CPU
		{8F8A6CB2-9238-4FCD-A40D-8E9154CAD84E}.Release|Any CPU.Build.0 = Release|Any CPU
		{65E7F9B7-97EE-43AE-86B2-B73C4BE0B645}.Debug|Any CPU.ActiveCfg = Debug|Any CPU
		{65E7F9B7-97EE-43AE-86B2-B73C4BE0B645}.Debug|Any CPU.Build.0 = Debug|Any CPU
		{65E7F9B7-97EE-43AE-86B2-B73C4BE0B645}.Release|Any CPU.ActiveCfg = Release|Any CPU
		{65E7F9B7-97EE-43AE-86B2-B73C4BE0B645}.Release|Any CPU.Build.0 = Release|Any CPU
		{C99925E3-A0C9-4E41-9AAE-9434652D3AE7}.Debug|Any CPU.ActiveCfg = Debug|Any CPU
		{C99925E3-A0C9-4E41-9AAE-9434652D3AE7}.Debug|Any CPU.Build.0 = Debug|Any CPU
		{C99925E3-A0C9-4E41-9AAE-9434652D3AE7}.Release|Any CPU.ActiveCfg = Release|Any CPU
		{C99925E3-A0C9-4E41-9AAE-9434652D3AE7}.Release|Any CPU.Build.0 = Release|Any CPU
	EndGlobalSection
	GlobalSection(SolutionProperties) = preSolution
		HideSolutionNode = FALSE
	EndGlobalSection
	GlobalSection(ExtensibilityGlobals) = postSolution
		SolutionGuid = {9FE85A21-89FD-436F-B936-95E78CF7C7BD}
	EndGlobalSection
EndGlobal
